
Microsoft Visual Studio Solution File, Format Version 12.00
# Visual Studio Version 16
VisualStudioVersion = 16.0.30330.147
MinimumVisualStudioVersion = 10.0.40219.1
Project("{FAE04EC0-301F-11D3-BF4B-00C04F79EFBC}") = "LearningBar_web", "LearningBar_web.csproj", "{16A18987-4240-4717-9090-D81C239DFDA7}"
EndProject
Global
	GlobalSection(SolutionConfigurationPlatforms) = preSolution
		Debug|Any CPU = Debug|Any CPU
		Release|Any CPU = Release|Any CPU
	EndGlobalSection
	GlobalSection(ProjectConfigurationPlatforms) = postSolution
		{16A18987-4240-4717-9090-D81C239DFDA7}.Debug|Any CPU.ActiveCfg = Debug|Any CPU
		{16A18987-4240-4717-9090-D81C239DFDA7}.Debug|Any CPU.Build.0 = Debug|Any CPU
		{16A18987-4240-4717-9090-D81C239DFDA7}.Release|Any CPU.ActiveCfg = Release|Any CPU
		{16A18987-4240-4717-9090-D81C239DFDA7}.Release|Any CPU.Build.0 = Release|Any CPU
	EndGlobalSection
	GlobalSection(SolutionProperties) = preSolution
		HideSolutionNode = FALSE
	EndGlobalSection
	GlobalSection(ExtensibilityGlobals) = postSolution
		SolutionGuid = {2BAC3803-46E7-4F99-BD51-CA726F3D530B}
	EndGlobalSection
EndGlobal
